
Microsoft Visual Studio Solution File, Format Version 12.00
# Visual Studio Version 17
VisualStudioVersion = 17.14.36915.13 d17.14
MinimumVisualStudioVersion = 10.0.40219.1
Project("{FAE04EC0-301F-11D3-BF4B-00C04F79EFBC}") = "Zadanie5", "Zadanie5\Zadanie5.csproj", "{7751E939-7814-4838-B18C-2FF76A0D6596}"
EndProject
Global
	GlobalSection(SolutionConfigurationPlatforms) = preSolution
		Debug|Any CPU = Debug|Any CPU
		Release|Any CPU = Release|Any CPU
	EndGlobalSection
	GlobalSection(ProjectConfigurationPlatforms) = postSolution
		{7751E939-7814-4838-B18C-2FF76A0D6596}.Debug|Any CPU.ActiveCfg = Debug|Any CPU
		{7751E939-7814-4838-B18C-2FF76A0D6596}.Debug|Any CPU.Build.0 = Debug|Any CPU
		{7751E939-7814-4838-B18C-2FF76A0D6596}.Release|Any CPU.ActiveCfg = Release|Any CPU
		{7751E939-7814-4838-B18C-2FF76A0D6596}.Release|Any CPU.Build.0 = Release|Any CPU
	EndGlobalSection
	GlobalSection(SolutionProperties) = preSolution
		HideSolutionNode = FALSE
	EndGlobalSection
	GlobalSection(ExtensibilityGlobals) = postSolution
		SolutionGuid = {26DE2E3E-7ACC-4E35-9498-A7B8E765DB4F}
	EndGlobalSection
EndGlobal
